
Microsoft Visual Studio Solution File, Format Version 12.00
# Visual Studio Version 16
VisualStudioVersion = 16.0.30413.136
MinimumVisualStudioVersion = 10.0.40219.1
Project("{9A19103F-16F7-4668-BE54-9A1E7A4F7556}") = "DeviceManagementPortal", "DeviceManagementPortal\DeviceManagementPortal.csproj", "{0AC601CC-3661-4904-B009-1667C772DC96}"
EndProject
Global
	GlobalSection(SolutionConfigurationPlatforms) = preSolution
		Debug|Any CPU = Debug|Any CPU
		Release|Any CPU = Release|Any CPU
	EndGlobalSection
	GlobalSection(ProjectConfigurationPlatforms) = postSolution
		{0AC601CC-3661-4904-B009-1667C772DC96}.Debug|Any CPU.ActiveCfg = Debug|Any CPU
		{0AC601CC-3661-4904-B009-1667C772DC96}.Debug|Any CPU.Build.0 = Debug|Any CPU
		{0AC601CC-3661-4904-B009-1667C772DC96}.Release|Any CPU.ActiveCfg = Release|Any CPU
		{0AC601CC-3661-4904-B009-1667C772DC96}.Release|Any CPU.Build.0 = Release|Any CPU
	EndGlobalSection
	GlobalSection(SolutionProperties) = preSolution
		HideSolutionNode = FALSE
	EndGlobalSection
	GlobalSection(ExtensibilityGlobals) = postSolution
		SolutionGuid = {5AC431AA-C28E-4970-85B4-D60520EA9DF3}
	EndGlobalSection
EndGlobal
